
Microsoft Visual Studio Solution File, Format Version 12.00
# Visual Studio Version 17
VisualStudioVersion = 17.8.34408.163
MinimumVisualStudioVersion = 10.0.40219.1
Project("{FAE04EC0-301F-11D3-BF4B-00C04F79EFBC}") = "TheWaterProject", "TheWaterProject.csproj", "{04ABB745-297D-4D2E-A1E5-8B5F1419C221}"
EndProject
Global
	GlobalSection(SolutionConfigurationPlatforms) = preSolution
		Debug|Any CPU = Debug|Any CPU
		Release|Any CPU = Release|Any CPU
	EndGlobalSection
	GlobalSection(ProjectConfigurationPlatforms) = postSolution
		{04ABB745-297D-4D2E-A1E5-8B5F1419C221}.Debug|Any CPU.ActiveCfg = Debug|Any CPU
		{04ABB745-297D-4D2E-A1E5-8B5F1419C221}.Debug|Any CPU.Build.0 = Debug|Any CPU
		{04ABB745-297D-4D2E-A1E5-8B5F1419C221}.Release|Any CPU.ActiveCfg = Release|Any CPU
		{04ABB745-297D-4D2E-A1E5-8B5F1419C221}.Release|Any CPU.Build.0 = Release|Any CPU
	EndGlobalSection
	GlobalSection(SolutionProperties) = preSolution
		HideSolutionNode = FALSE
	EndGlobalSection
	GlobalSection(ExtensibilityGlobals) = postSolution
		SolutionGuid = {CD456B4A-A33E-4441-9A7C-B49BC1FC4DB0}
	EndGlobalSection
EndGlobal
